// !$*UTF8*$!
{
	archiveVersion = 1;
	classes = {
	};
	objectVersion = 56;
	objects = {

/* Begin PBXBuildFile section */
		103018752A7BBB0100FE7BF0 /* AppDelegate.swift in Sources */ = {isa = PBXBuildFile; fileRef = 103018742A7BBB0100FE7BF0 /* AppDelegate.swift */; };
		103018772A7BBB0100FE7BF0 /* SceneDelegate.swift in Sources */ = {isa = PBXBuildFile; fileRef = 103018762A7BBB0100FE7BF0 /* SceneDelegate.swift */; };
		103018792A7BBB0100FE7BF0 /* SelectCityViewController.swift in Sources */ = {isa = PBXBuildFile; fileRef = 103018782A7BBB0100FE7BF0 /* SelectCityViewController.swift */; };
		1030187E2A7BBB0200FE7BF0 /* Assets.xcassets in Resources */ = {isa = PBXBuildFile; fileRef = 1030187D2A7BBB0200FE7BF0 /* Assets.xcassets */; };
		103018812A7BBB0200FE7BF0 /* LaunchScreen.storyboard in Resources */ = {isa = PBXBuildFile; fileRef = 1030187F2A7BBB0200FE7BF0 /* LaunchScreen.storyboard */; };
		1030188C2A7BBB0200FE7BF0 /* WeatherAppTests.swift in Sources */ = {isa = PBXBuildFile; fileRef = 1030188B2A7BBB0200FE7BF0 /* WeatherAppTests.swift */; };
		103018962A7BBB0200FE7BF0 /* WeatherAppUITests.swift in Sources */ = {isa = PBXBuildFile; fileRef = 103018952A7BBB0200FE7BF0 /* WeatherAppUITests.swift */; };
		103018982A7BBB0200FE7BF0 /* WeatherAppUITestsLaunchTests.swift in Sources */ = {isa = PBXBuildFile; fileRef = 103018972A7BBB0200FE7BF0 /* WeatherAppUITestsLaunchTests.swift */; };
		103018A72A7BBD8500FE7BF0 /* SelectCityConfigurator.swift in Sources */ = {isa = PBXBuildFile; fileRef = 103018A62A7BBD8500FE7BF0 /* SelectCityConfigurator.swift */; };
		103018A92A7BBDC400FE7BF0 /* SelectCityViewModel.swift in Sources */ = {isa = PBXBuildFile; fileRef = 103018A82A7BBDC400FE7BF0 /* SelectCityViewModel.swift */; };
		103018AB2A7BD3D000FE7BF0 /* CityModel.swift in Sources */ = {isa = PBXBuildFile; fileRef = 103018AA2A7BD3D000FE7BF0 /* CityModel.swift */; };
		103018B42A7CEF8100FE7BF0 /* SelectCityRouter.swift in Sources */ = {isa = PBXBuildFile; fileRef = 103018B32A7CEF8100FE7BF0 /* SelectCityRouter.swift */; };
		103018B62A7CEF9A00FE7BF0 /* SelectCityUseCase.swift in Sources */ = {isa = PBXBuildFile; fileRef = 103018B52A7CEF9A00FE7BF0 /* SelectCityUseCase.swift */; };
/* End PBXBuildFile section */

/* Begin PBXContainerItemProxy section */
		103018882A7BBB0200FE7BF0 /* PBXContainerItemProxy */ = {
			isa = PBXContainerItemProxy;
			containerPortal = 103018692A7BBB0100FE7BF0 /* Project object */;
			proxyType = 1;
			remoteGlobalIDString = 103018702A7BBB0100FE7BF0;
			remoteInfo = WeatherApp;
		};
		103018922A7BBB0200FE7BF0 /* PBXContainerItemProxy */ = {
			isa = PBXContainerItemProxy;
			containerPortal = 103018692A7BBB0100FE7BF0 /* Project object */;
			proxyType = 1;
			remoteGlobalIDString = 103018702A7BBB0100FE7BF0;
			remoteInfo = WeatherApp;
		};
/* End PBXContainerItemProxy section */

/* Begin PBXFileReference section */
		103018712A7BBB0100FE7BF0 /* WeatherApp.app */ = {isa = PBXFileReference; explicitFileType = wrapper.application; includeInIndex = 0; path = WeatherApp.app; sourceTree = BUILT_PRODUCTS_DIR; };
		103018742A7BBB0100FE7BF0 /* AppDelegate.swift */ = {isa = PBXFileReference; lastKnownFileType = sourcecode.swift; path = AppDelegate.swift; sourceTree = "<group>"; };
		103018762A7BBB0100FE7BF0 /* SceneDelegate.swift */ = {isa = PBXFileReference; lastKnownFileType = sourcecode.swift; path = SceneDelegate.swift; sourceTree = "<group>"; };
		103018782A7BBB0100FE7BF0 /* SelectCityViewController.swift */ = {isa = PBXFileReference; lastKnownFileType = sourcecode.swift; path = SelectCityViewController.swift; sourceTree = "<group>"; };
		1030187D2A7BBB0200FE7BF0 /* Assets.xcassets */ = {isa = PBXFileReference; lastKnownFileType = folder.assetcatalog; path = Assets.xcassets; sourceTree = "<group>"; };
		103018802A7BBB0200FE7BF0 /* Base */ = {isa = PBXFileReference; lastKnownFileType = file.storyboard; name = Base; path = Base.lproj/LaunchScreen.storyboard; sourceTree = "<group>"; };
		103018822A7BBB0200FE7BF0 /* Info.plist */ = {isa = PBXFileReference; lastKnownFileType = text.plist.xml; path = Info.plist; sourceTree = "<group>"; };
		103018872A7BBB0200FE7BF0 /* WeatherAppTests.xctest */ = {isa = PBXFileReference; explicitFileType = wrapper.cfbundle; includeInIndex = 0; path = WeatherAppTests.xctest; sourceTree = BUILT_PRODUCTS_DIR; };
		1030188B2A7BBB0200FE7BF0 /* WeatherAppTests.swift */ = {isa = PBXFileReference; lastKnownFileType = sourcecode.swift; path = WeatherAppTests.swift; sourceTree = "<group>"; };
		103018912A7BBB0200FE7BF0 /* WeatherAppUITests.xctest */ = {isa = PBXFileReference; explicitFileType = wrapper.cfbundle; includeInIndex = 0; path = WeatherAppUITests.xctest; sourceTree = BUILT_PRODUCTS_DIR; };
		103018952A7BBB0200FE7BF0 /* WeatherAppUITests.swift */ = {isa = PBXFileReference; lastKnownFileType = sourcecode.swift; path = WeatherAppUITests.swift; sourceTree = "<group>"; };
		103018972A7BBB0200FE7BF0 /* WeatherAppUITestsLaunchTests.swift */ = {isa = PBXFileReference; lastKnownFileType = sourcecode.swift; path = WeatherAppUITestsLaunchTests.swift; sourceTree = "<group>"; };
		103018A62A7BBD8500FE7BF0 /* SelectCityConfigurator.swift */ = {isa = PBXFileReference; lastKnownFileType = sourcecode.swift; path = SelectCityConfigurator.swift; sourceTree = "<group>"; };
		103018A82A7BBDC400FE7BF0 /* SelectCityViewModel.swift */ = {isa = PBXFileReference; lastKnownFileType = sourcecode.swift; path = SelectCityViewModel.swift; sourceTree = "<group>"; };
		103018AA2A7BD3D000FE7BF0 /* CityModel.swift */ = {isa = PBXFileReference; lastKnownFileType = sourcecode.swift; path = CityModel.swift; sourceTree = "<group>"; };
		103018B32A7CEF8100FE7BF0 /* SelectCityRouter.swift */ = {isa = PBXFileReference; lastKnownFileType = sourcecode.swift; path = SelectCityRouter.swift; sourceTree = "<group>"; };
		103018B52A7CEF9A00FE7BF0 /* SelectCityUseCase.swift */ = {isa = PBXFileReference; lastKnownFileType = sourcecode.swift; path = SelectCityUseCase.swift; sourceTree = "<group>"; };
/* End PBXFileReference section */

/* Begin PBXFrameworksBuildPhase section */
		1030186E2A7BBB0100FE7BF0 /* Frameworks */ = {
			isa = PBXFrameworksBuildPhase;
			buildActionMask = 2147483647;
			files = (
			);
			runOnlyForDeploymentPostprocessing = 0;
		};
		103018842A7BBB0200FE7BF0 /* Frameworks */ = {
			isa = PBXFrameworksBuildPhase;
			buildActionMask = 2147483647;
			files = (
			);
			runOnlyForDeploymentPostprocessing = 0;
		};
		1030188E2A7BBB0200FE7BF0 /* Frameworks */ = {
			isa = PBXFrameworksBuildPhase;
			buildActionMask = 2147483647;
			files = (
			);
			runOnlyForDeploymentPostprocessing = 0;
		};
/* End PBXFrameworksBuildPhase section */

/* Begin PBXGroup section */
		103018682A7BBB0100FE7BF0 = {
			isa = PBXGroup;
			children = (
				103018732A7BBB0100FE7BF0 /* WeatherApp */,
				1030188A2A7BBB0200FE7BF0 /* WeatherAppTests */,
				103018942A7BBB0200FE7BF0 /* WeatherAppUITests */,
				103018722A7BBB0100FE7BF0 /* Products */,
			);
			sourceTree = "<group>";
		};
		103018722A7BBB0100FE7BF0 /* Products */ = {
			isa = PBXGroup;
			children = (
				103018712A7BBB0100FE7BF0 /* WeatherApp.app */,
				103018872A7BBB0200FE7BF0 /* WeatherAppTests.xctest */,
				103018912A7BBB0200FE7BF0 /* WeatherAppUITests.xctest */,
			);
			name = Products;
			sourceTree = "<group>";
		};
		103018732A7BBB0100FE7BF0 /* WeatherApp */ = {
			isa = PBXGroup;
			children = (
				103018742A7BBB0100FE7BF0 /* AppDelegate.swift */,
				103018762A7BBB0100FE7BF0 /* SceneDelegate.swift */,
				103018AC2A7BD3D600FE7BF0 /* Domain */,
				103018AD2A7BD3E100FE7BF0 /* App */,
				1030187D2A7BBB0200FE7BF0 /* Assets.xcassets */,
				1030187F2A7BBB0200FE7BF0 /* LaunchScreen.storyboard */,
				103018822A7BBB0200FE7BF0 /* Info.plist */,
			);
			path = WeatherApp;
			sourceTree = "<group>";
		};
		1030188A2A7BBB0200FE7BF0 /* WeatherAppTests */ = {
			isa = PBXGroup;
			children = (
				1030188B2A7BBB0200FE7BF0 /* WeatherAppTests.swift */,
			);
			path = WeatherAppTests;
			sourceTree = "<group>";
		};
		103018942A7BBB0200FE7BF0 /* WeatherAppUITests */ = {
			isa = PBXGroup;
			children = (
				103018952A7BBB0200FE7BF0 /* WeatherAppUITests.swift */,
				103018972A7BBB0200FE7BF0 /* WeatherAppUITestsLaunchTests.swift */,
			);
			path = WeatherAppUITests;
			sourceTree = "<group>";
		};
		103018A42A7BBD6200FE7BF0 /* Scenes */ = {
			isa = PBXGroup;
			children = (
				103018A52A7BBD6900FE7BF0 /* SelectCity */,
			);
			path = Scenes;
			sourceTree = "<group>";
		};
		103018A52A7BBD6900FE7BF0 /* SelectCity */ = {
			isa = PBXGroup;
			children = (
				103018A62A7BBD8500FE7BF0 /* SelectCityConfigurator.swift */,
				103018A82A7BBDC400FE7BF0 /* SelectCityViewModel.swift */,
				103018782A7BBB0100FE7BF0 /* SelectCityViewController.swift */,
				103018B32A7CEF8100FE7BF0 /* SelectCityRouter.swift */,
			);
			path = SelectCity;
			sourceTree = "<group>";
		};
		103018AC2A7BD3D600FE7BF0 /* Domain */ = {
			isa = PBXGroup;
			children = (
				103018AA2A7BD3D000FE7BF0 /* CityModel.swift */,
				103018B52A7CEF9A00FE7BF0 /* SelectCityUseCase.swift */,
			);
			path = Domain;
			sourceTree = "<group>";
		};
		103018AD2A7BD3E100FE7BF0 /* App */ = {
			isa = PBXGroup;
			children = (
				103018A42A7BBD6200FE7BF0 /* Scenes */,
			);
			path = App;
			sourceTree = "<group>";
		};
/* End PBXGroup section */

/* Begin PBXNativeTarget section */
		103018702A7BBB0100FE7BF0 /* WeatherApp */ = {
			isa = PBXNativeTarget;
			buildConfigurationList = 1030189B2A7BBB0200FE7BF0 /* Build configuration list for PBXNativeTarget "WeatherApp" */;
			buildPhases = (
				1030186D2A7BBB0100FE7BF0 /* Sources */,
				1030186E2A7BBB0100FE7BF0 /* Frameworks */,
				1030186F2A7BBB0100FE7BF0 /* Resources */,
			);
			buildRules = (
			);
			dependencies = (
			);
			name = WeatherApp;
			productName = WeatherApp;
			productReference = 103018712A7BBB0100FE7BF0 /* WeatherApp.app */;
			productType = "com.apple.product-type.application";
		};
		103018862A7BBB0200FE7BF0 /* WeatherAppTests */ = {
			isa = PBXNativeTarget;
			buildConfigurationList = 1030189E2A7BBB0200FE7BF0 /* Build configuration list for PBXNativeTarget "WeatherAppTests" */;
			buildPhases = (
				103018832A7BBB0200FE7BF0 /* Sources */,
				103018842A7BBB0200FE7BF0 /* Frameworks */,
				103018852A7BBB0200FE7BF0 /* Resources */,
			);
			buildRules = (
			);
			dependencies = (
				103018892A7BBB0200FE7BF0 /* PBXTargetDependency */,
			);
			name = WeatherAppTests;
			productName = WeatherAppTests;
			productReference = 103018872A7BBB0200FE7BF0 /* WeatherAppTests.xctest */;
			productType = "com.apple.product-type.bundle.unit-test";
		};
		103018902A7BBB0200FE7BF0 /* WeatherAppUITests */ = {
			isa = PBXNativeTarget;
			buildConfigurationList = 103018A12A7BBB0200FE7BF0 /* Build configuration list for PBXNativeTarget "WeatherAppUITests" */;
			buildPhases = (
				1030188D2A7BBB0200FE7BF0 /* Sources */,
				1030188E2A7BBB0200FE7BF0 /* Frameworks */,
				1030188F2A7BBB0200FE7BF0 /* Resources */,
			);
			buildRules = (
			);
			dependencies = (
				103018932A7BBB0200FE7BF0 /* PBXTargetDependency */,
			);
			name = WeatherAppUITests;
			productName = WeatherAppUITests;
			productReference = 103018912A7BBB0200FE7BF0 /* WeatherAppUITests.xctest */;
			productType = "com.apple.product-type.bundle.ui-testing";
		};
/* End PBXNativeTarget section */

/* Begin PBXProject section */
		103018692A7BBB0100FE7BF0 /* Project object */ = {
			isa = PBXProject;
			attributes = {
				BuildIndependentTargetsInParallel = 1;
				LastSwiftUpdateCheck = 1430;
				LastUpgradeCheck = 1430;
				TargetAttributes = {
					103018702A7BBB0100FE7BF0 = {
						CreatedOnToolsVersion = 14.3;
					};
					103018862A7BBB0200FE7BF0 = {
						CreatedOnToolsVersion = 14.3;
						TestTargetID = 103018702A7BBB0100FE7BF0;
					};
					103018902A7BBB0200FE7BF0 = {
						CreatedOnToolsVersion = 14.3;
						TestTargetID = 103018702A7BBB0100FE7BF0;
					};
				};
			};
			buildConfigurationList = 1030186C2A7BBB0100FE7BF0 /* Build configuration list for PBXProject "WeatherApp" */;
			compatibilityVersion = "Xcode 14.0";
			developmentRegion = en;
			hasScannedForEncodings = 0;
			knownRegions = (
				en,
				Base,
			);
			mainGroup = 103018682A7BBB0100FE7BF0;
			productRefGroup = 103018722A7BBB0100FE7BF0 /* Products */;
			projectDirPath = "";
			projectRoot = "";
			targets = (
				103018702A7BBB0100FE7BF0 /* WeatherApp */,
				103018862A7BBB0200FE7BF0 /* WeatherAppTests */,
				103018902A7BBB0200FE7BF0 /* WeatherAppUITests */,
			);
		};
/* End PBXProject section */

/* Begin PBXResourcesBuildPhase section */
		1030186F2A7BBB0100FE7BF0 /* Resources */ = {
			isa = PBXResourcesBuildPhase;
			buildActionMask = 2147483647;
			files = (
				103018812A7BBB0200FE7BF0 /* LaunchScreen.storyboard in Resources */,
				1030187E2A7BBB0200FE7BF0 /* Assets.xcassets in Resources */,
			);
			runOnlyForDeploymentPostprocessing = 0;
		};
		103018852A7BBB0200FE7BF0 /* Resources */ = {
			isa = PBXResourcesBuildPhase;
			buildActionMask = 2147483647;
			files = (
			);
			runOnlyForDeploymentPostprocessing = 0;
		};
		1030188F2A7BBB0200FE7BF0 /* Resources */ = {
			isa = PBXResourcesBuildPhase;
			buildActionMask = 2147483647;
			files = (
			);
			runOnlyForDeploymentPostprocessing = 0;
		};
/* End PBXResourcesBuildPhase section */

/* Begin PBXSourcesBuildPhase section */
		1030186D2A7BBB0100FE7BF0 /* Sources */ = {
			isa = PBXSourcesBuildPhase;
			buildActionMask = 2147483647;
			files = (
				103018792A7BBB0100FE7BF0 /* SelectCityViewController.swift in Sources */,
				103018752A7BBB0100FE7BF0 /* AppDelegate.swift in Sources */,
				103018B42A7CEF8100FE7BF0 /* SelectCityRouter.swift in Sources */,
				103018AB2A7BD3D000FE7BF0 /* CityModel.swift in Sources */,
				103018B62A7CEF9A00FE7BF0 /* SelectCityUseCase.swift in Sources */,
				103018A92A7BBDC400FE7BF0 /* SelectCityViewModel.swift in Sources */,
				103018772A7BBB0100FE7BF0 /* SceneDelegate.swift in Sources */,
				103018A72A7BBD8500FE7BF0 /* SelectCityConfigurator.swift in Sources */,
			);
			runOnlyForDeploymentPostprocessing = 0;
		};
		103018832A7BBB0200FE7BF0 /* Sources */ = {
			isa = PBXSourcesBuildPhase;
			buildActionMask = 2147483647;
			files = (
				1030188C2A7BBB0200FE7BF0 /* WeatherAppTests.swift in Sources */,
			);
			runOnlyForDeploymentPostprocessing = 0;
		};
		1030188D2A7BBB0200FE7BF0 /* Sources */ = {
			isa = PBXSourcesBuildPhase;
			buildActionMask = 2147483647;
			files = (
				103018962A7BBB0200FE7BF0 /* WeatherAppUITests.swift in Sources */,
				103018982A7BBB0200FE7BF0 /* WeatherAppUITestsLaunchTests.swift in Sources */,
			);
			runOnlyForDeploymentPostprocessing = 0;
		};
/* End PBXSourcesBuildPhase section */

/* Begin PBXTargetDependency section */
		103018892A7BBB0200FE7BF0 /* PBXTargetDependency */ = {
			isa = PBXTargetDependency;
			target = 103018702A7BBB0100FE7BF0 /* WeatherApp */;
			targetProxy = 103018882A7BBB0200FE7BF0 /* PBXContainerItemProxy */;
		};
		103018932A7BBB0200FE7BF0 /* PBXTargetDependency */ = {
			isa = PBXTargetDependency;
			target = 103018702A7BBB0100FE7BF0 /* WeatherApp */;
			targetProxy = 103018922A7BBB0200FE7BF0 /* PBXContainerItemProxy */;
		};
/* End PBXTargetDependency section */

/* Begin PBXVariantGroup section */
		1030187F2A7BBB0200FE7BF0 /* LaunchScreen.storyboard */ = {
			isa = PBXVariantGroup;
			children = (
				103018802A7BBB0200FE7BF0 /* Base */,
			);
			name = LaunchScreen.storyboard;
			sourceTree = "<group>";
		};
/* End PBXVariantGroup section */

/* Begin XCBuildConfiguration section */
		103018992A7BBB0200FE7BF0 /* Debug */ = {
			isa = XCBuildConfiguration;
			buildSettings = {
				ALWAYS_SEARCH_USER_PATHS = NO;
				CLANG_ANALYZER_NONNULL = YES;
				CLANG_ANALYZER_NUMBER_OBJECT_CONVERSION = YES_AGGRESSIVE;
				CLANG_CXX_LANGUAGE_STANDARD = "gnu++20";
				CLANG_ENABLE_MODULES = YES;
				CLANG_ENABLE_OBJC_ARC = YES;
				CLANG_ENABLE_OBJC_WEAK = YES;
				CLANG_WARN_BLOCK_CAPTURE_AUTORELEASING = YES;
				CLANG_WARN_BOOL_CONVERSION = YES;
				CLANG_WARN_COMMA = YES;
				CLANG_WARN_CONSTANT_CONVERSION = YES;
				CLANG_WARN_DEPRECATED_OBJC_IMPLEMENTATIONS = YES;
				CLANG_WARN_DIRECT_OBJC_ISA_USAGE = YES_ERROR;
				CLANG_WARN_DOCUMENTATION_COMMENTS = YES;
				CLANG_WARN_EMPTY_BODY = YES;
				CLANG_WARN_ENUM_CONVERSION = YES;
				CLANG_WARN_INFINITE_RECURSION = YES;
				CLANG_WARN_INT_CONVERSION = YES;
				CLANG_WARN_NON_LITERAL_NULL_CONVERSION = YES;
				CLANG_WARN_OBJC_IMPLICIT_RETAIN_SELF = YES;
				CLANG_WARN_OBJC_LITERAL_CONVERSION = YES;
				CLANG_WARN_OBJC_ROOT_CLASS = YES_ERROR;
				CLANG_WARN_QUOTED_INCLUDE_IN_FRAMEWORK_HEADER = YES;
				CLANG_WARN_RANGE_LOOP_ANALYSIS = YES;
				CLANG_WARN_STRICT_PROTOTYPES = YES;
				CLANG_WARN_SUSPICIOUS_MOVE = YES;
				CLANG_WARN_UNGUARDED_AVAILABILITY = YES_AGGRESSIVE;
				CLANG_WARN_UNREACHABLE_CODE = YES;
				CLANG_WARN__DUPLICATE_METHOD_MATCH = YES;
				COPY_PHASE_STRIP = NO;
				DEBUG_INFORMATION_FORMAT = dwarf;
				ENABLE_STRICT_OBJC_MSGSEND = YES;
				ENABLE_TESTABILITY = YES;
				GCC_C_LANGUAGE_STANDARD = gnu11;
				GCC_DYNAMIC_NO_PIC = NO;
				GCC_NO_COMMON_BLOCKS = YES;
				GCC_OPTIMIZATION_LEVEL = 0;
				GCC_PREPROCESSOR_DEFINITIONS = (
					"DEBUG=1",
					"$(inherited)",
				);
				GCC_WARN_64_TO_32_BIT_CONVERSION = YES;
				GCC_WARN_ABOUT_RETURN_TYPE = YES_ERROR;
				GCC_WARN_UNDECLARED_SELECTOR = YES;
				GCC_WARN_UNINITIALIZED_AUTOS = YES_AGGRESSIVE;
				GCC_WARN_UNUSED_FUNCTION = YES;
				GCC_WARN_UNUSED_VARIABLE = YES;
				IPHONEOS_DEPLOYMENT_TARGET = 13.6;
				MTL_ENABLE_DEBUG_INFO = INCLUDE_SOURCE;
				MTL_FAST_MATH = YES;
				ONLY_ACTIVE_ARCH = YES;
				SDKROOT = iphoneos;
				SWIFT_ACTIVE_COMPILATION_CONDITIONS = DEBUG;
				SWIFT_OPTIMIZATION_LEVEL = "-Onone";
			};
			name = Debug;
		};
		1030189A2A7BBB0200FE7BF0 /* Release */ = {
			isa = XCBuildConfiguration;
			buildSettings = {
				ALWAYS_SEARCH_USER_PATHS = NO;
				CLANG_ANALYZER_NONNULL = YES;
				CLANG_ANALYZER_NUMBER_OBJECT_CONVERSION = YES_AGGRESSIVE;
				CLANG_CXX_LANGUAGE_STANDARD = "gnu++20";
				CLANG_ENABLE_MODULES = YES;
				CLANG_ENABLE_OBJC_ARC = YES;
				CLANG_ENABLE_OBJC_WEAK = YES;
				CLANG_WARN_BLOCK_CAPTURE_AUTORELEASING = YES;
				CLANG_WARN_BOOL_CONVERSION = YES;
				CLANG_WARN_COMMA = YES;
				CLANG_WARN_CONSTANT_CONVERSION = YES;
				CLANG_WARN_DEPRECATED_OBJC_IMPLEMENTATIONS = YES;
				CLANG_WARN_DIRECT_OBJC_ISA_USAGE = YES_ERROR;
				CLANG_WARN_DOCUMENTATION_COMMENTS = YES;
				CLANG_WARN_EMPTY_BODY = YES;
				CLANG_WARN_ENUM_CONVERSION = YES;
				CLANG_WARN_INFINITE_RECURSION = YES;
				CLANG_WARN_INT_CONVERSION = YES;
				CLANG_WARN_NON_LITERAL_NULL_CONVERSION = YES;
				CLANG_WARN_OBJC_IMPLICIT_RETAIN_SELF = YES;
				CLANG_WARN_OBJC_LITERAL_CONVERSION = YES;
				CLANG_WARN_OBJC_ROOT_CLASS = YES_ERROR;
				CLANG_WARN_QUOTED_INCLUDE_IN_FRAMEWORK_HEADER = YES;
				CLANG_WARN_RANGE_LOOP_ANALYSIS = YES;
				CLANG_WARN_STRICT_PROTOTYPES = YES;
				CLANG_WARN_SUSPICIOUS_MOVE = YES;
				CLANG_WARN_UNGUARDED_AVAILABILITY = YES_AGGRESSIVE;
				CLANG_WARN_UNREACHABLE_CODE = YES;
				CLANG_WARN__DUPLICATE_METHOD_MATCH = YES;
				COPY_PHASE_STRIP = NO;
				DEBUG_INFORMATION_FORMAT = "dwarf-with-dsym";
				ENABLE_NS_ASSERTIONS = NO;
				ENABLE_STRICT_OBJC_MSGSEND = YES;
				GCC_C_LANGUAGE_STANDARD = gnu11;
				GCC_NO_COMMON_BLOCKS = YES;
				GCC_WARN_64_TO_32_BIT_CONVERSION = YES;
				GCC_WARN_ABOUT_RETURN_TYPE = YES_ERROR;
				GCC_WARN_UNDECLARED_SELECTOR = YES;
				GCC_WARN_UNINITIALIZED_AUTOS = YES_AGGRESSIVE;
				GCC_WARN_UNUSED_FUNCTION = YES;
				GCC_WARN_UNUSED_VARIABLE = YES;
				IPHONEOS_DEPLOYMENT_TARGET = 13.6;
				MTL_ENABLE_DEBUG_INFO = NO;
				MTL_FAST_MATH = YES;
				SDKROOT = iphoneos;
				SWIFT_COMPILATION_MODE = wholemodule;
				SWIFT_OPTIMIZATION_LEVEL = "-O";
				VALIDATE_PRODUCT = YES;
			};
			name = Release;
		};
		1030189C2A7BBB0200FE7BF0 /* Debug */ = {
			isa = XCBuildConfiguration;
			buildSettings = {
				ASSETCATALOG_COMPILER_APPICON_NAME = AppIcon;
				ASSETCATALOG_COMPILER_GLOBAL_ACCENT_COLOR_NAME = AccentColor;
				CODE_SIGN_STYLE = Automatic;
				CURRENT_PROJECT_VERSION = 1;
				DEVELOPMENT_TEAM = P27YQ6MF96;
				GENERATE_INFOPLIST_FILE = YES;
				INFOPLIST_FILE = WeatherApp/Info.plist;
				INFOPLIST_KEY_UIApplicationSupportsIndirectInputEvents = YES;
				INFOPLIST_KEY_UILaunchStoryboardName = LaunchScreen;
				INFOPLIST_KEY_UISupportedInterfaceOrientations_iPad = "UIInterfaceOrientationPortrait UIInterfaceOrientationPortraitUpsideDown UIInterfaceOrientationLandscapeLeft UIInterfaceOrientationLandscapeRight";
				INFOPLIST_KEY_UISupportedInterfaceOrientations_iPhone = "UIInterfaceOrientationPortrait UIInterfaceOrientationLandscapeLeft UIInterfaceOrientationLandscapeRight";
				LD_RUNPATH_SEARCH_PATHS = (
					"$(inherited)",
					"@executable_path/Frameworks",
				);
				MARKETING_VERSION = 1.0;
				PRODUCT_BUNDLE_IDENTIFIER = com.szymon.dawidow.WeatherApp;
				PRODUCT_NAME = "$(TARGET_NAME)";
				SWIFT_EMIT_LOC_STRINGS = YES;
				SWIFT_VERSION = 5.0;
				TARGETED_DEVICE_FAMILY = "1,2";
			};
			name = Debug;
		};
		1030189D2A7BBB0200FE7BF0 /* Release */ = {
			isa = XCBuildConfiguration;
			buildSettings = {
				ASSETCATALOG_COMPILER_APPICON_NAME = AppIcon;
				ASSETCATALOG_COMPILER_GLOBAL_ACCENT_COLOR_NAME = AccentColor;
				CODE_SIGN_STYLE = Automatic;
				CURRENT_PROJECT_VERSION = 1;
				DEVELOPMENT_TEAM = P27YQ6MF96;
				GENERATE_INFOPLIST_FILE = YES;
				INFOPLIST_FILE = WeatherApp/Info.plist;
				INFOPLIST_KEY_UIApplicationSupportsIndirectInputEvents = YES;
				INFOPLIST_KEY_UILaunchStoryboardName = LaunchScreen;
				INFOPLIST_KEY_UISupportedInterfaceOrientations_iPad = "UIInterfaceOrientationPortrait UIInterfaceOrientationPortraitUpsideDown UIInterfaceOrientationLandscapeLeft UIInterfaceOrientationLandscapeRight";
				INFOPLIST_KEY_UISupportedInterfaceOrientations_iPhone = "UIInterfaceOrientationPortrait UIInterfaceOrientationLandscapeLeft UIInterfaceOrientationLandscapeRight";
				LD_RUNPATH_SEARCH_PATHS = (
					"$(inherited)",
					"@executable_path/Frameworks",
				);
				MARKETING_VERSION = 1.0;
				PRODUCT_BUNDLE_IDENTIFIER = com.szymon.dawidow.WeatherApp;
				PRODUCT_NAME = "$(TARGET_NAME)";
				SWIFT_EMIT_LOC_STRINGS = YES;
				SWIFT_VERSION = 5.0;
				TARGETED_DEVICE_FAMILY = "1,2";
			};
			name = Release;
		};
		1030189F2A7BBB0200FE7BF0 /* Debug */ = {
			isa = XCBuildConfiguration;
			buildSettings = {
				ALWAYS_EMBED_SWIFT_STANDARD_LIBRARIES = YES;
				BUNDLE_LOADER = "$(TEST_HOST)";
				CODE_SIGN_STYLE = Automatic;
				CURRENT_PROJECT_VERSION = 1;
				DEVELOPMENT_TEAM = P27YQ6MF96;
				GENERATE_INFOPLIST_FILE = YES;
				IPHONEOS_DEPLOYMENT_TARGET = 16.4;
				MARKETING_VERSION = 1.0;
				PRODUCT_BUNDLE_IDENTIFIER = com.szymon.dawidow.WeatherAppTests;
				PRODUCT_NAME = "$(TARGET_NAME)";
				SWIFT_EMIT_LOC_STRINGS = NO;
				SWIFT_VERSION = 5.0;
				TARGETED_DEVICE_FAMILY = "1,2";
				TEST_HOST = "$(BUILT_PRODUCTS_DIR)/WeatherApp.app/$(BUNDLE_EXECUTABLE_FOLDER_PATH)/WeatherApp";
			};
			name = Debug;
		};
		103018A02A7BBB0200FE7BF0 /* Release */ = {
			isa = XCBuildConfiguration;
			buildSettings = {
				ALWAYS_EMBED_SWIFT_STANDARD_LIBRARIES = YES;
				BUNDLE_LOADER = "$(TEST_HOST)";
				CODE_SIGN_STYLE = Automatic;
				CURRENT_PROJECT_VERSION = 1;
				DEVELOPMENT_TEAM = P27YQ6MF96;
				GENERATE_INFOPLIST_FILE = YES;
				IPHONEOS_DEPLOYMENT_TARGET = 16.4;
				MARKETING_VERSION = 1.0;
				PRODUCT_BUNDLE_IDENTIFIER = com.szymon.dawidow.WeatherAppTests;
				PRODUCT_NAME = "$(TARGET_NAME)";
				SWIFT_EMIT_LOC_STRINGS = NO;
				SWIFT_VERSION = 5.0;
				TARGETED_DEVICE_FAMILY = "1,2";
				TEST_HOST = "$(BUILT_PRODUCTS_DIR)/WeatherApp.app/$(BUNDLE_EXECUTABLE_FOLDER_PATH)/WeatherApp";
			};
			name = Release;
		};
		103018A22A7BBB0200FE7BF0 /* Debug */ = {
			isa = XCBuildConfiguration;
			buildSettings = {
				ALWAYS_EMBED_SWIFT_STANDARD_LIBRARIES = YES;
				CODE_SIGN_STYLE = Automatic;
				CURRENT_PROJECT_VERSION = 1;
				DEVELOPMENT_TEAM = P27YQ6MF96;
				GENERATE_INFOPLIST_FILE = YES;
				MARKETING_VERSION = 1.0;
				PRODUCT_BUNDLE_IDENTIFIER = com.szymon.dawidow.WeatherAppUITests;
				PRODUCT_NAME = "$(TARGET_NAME)";
				SWIFT_EMIT_LOC_STRINGS = NO;
				SWIFT_VERSION = 5.0;
				TARGETED_DEVICE_FAMILY = "1,2";
				TEST_TARGET_NAME = WeatherApp;
			};
			name = Debug;
		};
		103018A32A7BBB0200FE7BF0 /* Release */ = {
			isa = XCBuildConfiguration;
			buildSettings = {
				ALWAYS_EMBED_SWIFT_STANDARD_LIBRARIES = YES;
				CODE_SIGN_STYLE = Automatic;
				CURRENT_PROJECT_VERSION = 1;
				DEVELOPMENT_TEAM = P27YQ6MF96;
				GENERATE_INFOPLIST_FILE = YES;
				MARKETING_VERSION = 1.0;
				PRODUCT_BUNDLE_IDENTIFIER = com.szymon.dawidow.WeatherAppUITests;
				PRODUCT_NAME = "$(TARGET_NAME)";
				SWIFT_EMIT_LOC_STRINGS = NO;
				SWIFT_VERSION = 5.0;
				TARGETED_DEVICE_FAMILY = "1,2";
				TEST_TARGET_NAME = WeatherApp;
			};
			name = Release;
		};
/* End XCBuildConfiguration section */

/* Begin XCConfigurationList section */
		1030186C2A7BBB0100FE7BF0 /* Build configuration list for PBXProject "WeatherApp" */ = {
			isa = XCConfigurationList;
			buildConfigurations = (
				103018992A7BBB0200FE7BF0 /* Debug */,
				1030189A2A7BBB0200FE7BF0 /* Release */,
			);
			defaultConfigurationIsVisible = 0;
			defaultConfigurationName = Release;
		};
		1030189B2A7BBB0200FE7BF0 /* Build configuration list for PBXNativeTarget "WeatherApp" */ = {
			isa = XCConfigurationList;
			buildConfigurations = (
				1030189C2A7BBB0200FE7BF0 /* Debug */,
				1030189D2A7BBB0200FE7BF0 /* Release */,
			);
			defaultConfigurationIsVisible = 0;
			defaultConfigurationName = Release;
		};
		1030189E2A7BBB0200FE7BF0 /* Build configuration list for PBXNativeTarget "WeatherAppTests" */ = {
			isa = XCConfigurationList;
			buildConfigurations = (
				1030189F2A7BBB0200FE7BF0 /* Debug */,
				103018A02A7BBB0200FE7BF0 /* Release */,
			);
			defaultConfigurationIsVisible = 0;
			defaultConfigurationName = Release;
		};
		103018A12A7BBB0200FE7BF0 /* Build configuration list for PBXNativeTarget "WeatherAppUITests" */ = {
			isa = XCConfigurationList;
			buildConfigurations = (
				103018A22A7BBB0200FE7BF0 /* Debug */,
				103018A32A7BBB0200FE7BF0 /* Release */,
			);
			defaultConfigurationIsVisible = 0;
			defaultConfigurationName = Release;
		};
/* End XCConfigurationList section */
	};
	rootObject = 103018692A7BBB0100FE7BF0 /* Project object */;
}
